
Microsoft Visual Studio Solution File, Format Version 12.00
# Visual Studio Version 17
VisualStudioVersion = 17.5.002.0
MinimumVisualStudioVersion = 10.0.40219.1
Project("{9A19103F-16F7-4668-BE54-9A1E7A4F7556}") = "shopflowerproject", "shopflowerproject.csproj", "{45D15FA9-7ABC-4A70-BF52-C6F6C1A995B9}"
EndProject
Global
	GlobalSection(SolutionConfigurationPlatforms) = preSolution
		Debug|Any CPU = Debug|Any CPU
		Release|Any CPU = Release|Any CPU
	EndGlobalSection
	GlobalSection(ProjectConfigurationPlatforms) = postSolution
		{45D15FA9-7ABC-4A70-BF52-C6F6C1A995B9}.Debug|Any CPU.ActiveCfg = Debug|Any CPU
		{45D15FA9-7ABC-4A70-BF52-C6F6C1A995B9}.Debug|Any CPU.Build.0 = Debug|Any CPU
		{45D15FA9-7ABC-4A70-BF52-C6F6C1A995B9}.Release|Any CPU.ActiveCfg = Release|Any CPU
		{45D15FA9-7ABC-4A70-BF52-C6F6C1A995B9}.Release|Any CPU.Build.0 = Release|Any CPU
	EndGlobalSection
	GlobalSection(SolutionProperties) = preSolution
		HideSolutionNode = FALSE
	EndGlobalSection
	GlobalSection(ExtensibilityGlobals) = postSolution
		SolutionGuid = {CB92548A-9642-497A-B13A-B4C0F8BABE64}
	EndGlobalSection
EndGlobal
